{
  "nodes": {
    "home-manager": {
      "inputs": {
        "nixpkgs": "nixpkgs"
      },
      "locked": {
        "lastModified": 1631573611,
        "narHash": "sha256-u2E/wstadWNcn6vOIoK1xY86QPOzzBZQfT1FbePfdaI=",
        "owner": "nix-community",
        "repo": "home-manager",
        "rev": "7d9ba15214004c979d2c8733f8be12ce6502cf8a",
        "type": "github"
      },
      "original": {
        "owner": "nix-community",
        "ref": "release-21.05",
        "repo": "home-manager",
        "type": "github"
      }
    },
    "nix-top": {
      "flake": false,
      "locked": {
        "lastModified": 1532916077,
        "narHash": "sha256-+n4iRymvXOFU0JwDiF44b5EdS7I2qD0yMecSi15SwBQ=",
        "owner": "samueldr",
        "repo": "nix-top",
        "rev": "25490a367939e5e7b72c8c57df06d402e12fbfcd",
        "type": "github"
      },
      "original": {
        "owner": "samueldr",
        "ref": "v0.2.0",
        "repo": "nix-top",
        "type": "github"
      }
    },
    "nixos-hardware": {
      "locked": {
        "lastModified": 1630809692,
        "narHash": "sha256-UOnRh500mzajUhV81MGX2fFA93oamUvKyVsILNcnCvg=",
        "owner": "simonvpe",
        "repo": "nixos-hardware",
        "rev": "f4e16117f6ba66b9f0f9a2cd613f2d71f6940d68",
        "type": "github"
      },
      "original": {
        "owner": "simonvpe",
        "ref": "asus-zenbook-ux371",
        "repo": "nixos-hardware",
        "type": "github"
      }
    },
    "nixpkgs": {
      "locked": {
        "lastModified": 1631470189,
        "narHash": "sha256-hkUPYlpNOY9nbG1ByRin9NzPAYnPtwq/nGxO/DoeZd0=",
        "path": "/nix/store/mz7v4wj3avpp6a1r2iygm17hbcaq9yrv-source",
        "rev": "364b5555ee04bf61ee0075a3adab4c9351a8d38c",
        "type": "path"
      },
      "original": {
        "id": "nixpkgs",
        "type": "indirect"
      }
    },
    "nixpkgs_2": {
      "locked": {
        "lastModified": 1631785487,
        "narHash": "sha256-VSKEvOtaY/roDxEHFxXh6GguOqqWCJZ3E06fBdKu8+I=",
        "owner": "NixOS",
        "repo": "nixpkgs",
        "rev": "79c444b5bdeaba142d128afddee14c89ecf2a968",
        "type": "github"
      },
      "original": {
        "owner": "NixOS",
        "ref": "nixos-unstable",
        "repo": "nixpkgs",
        "type": "github"
      }
    },
    "root": {
      "inputs": {
        "home-manager": "home-manager",
        "nix-top": "nix-top",
        "nixos-hardware": "nixos-hardware",
        "nixpkgs": "nixpkgs_2"
      }
    }
  },
  "root": "root",
  "version": 7
}
