{
  "nodes": {
    "home-manager": {
      "inputs": {
        "nixpkgs": "nixpkgs"
      },
      "locked": {
        "lastModified": 1627649712,
        "narHash": "sha256-AJBasvMKpsyJmCLdjroBElCHY5AlalbVy+XY5vjbgXc=",
        "owner": "nix-community",
        "repo": "home-manager",
        "rev": "b39647e52ed3c0b989e9d5c965e598ae4c38d7ef",
        "type": "github"
      },
      "original": {
        "owner": "nix-community",
        "ref": "release-21.05",
        "repo": "home-manager",
        "type": "github"
      }
    },
    "nix-top": {
      "flake": false,
      "locked": {
        "lastModified": 1532916077,
        "narHash": "sha256-+n4iRymvXOFU0JwDiF44b5EdS7I2qD0yMecSi15SwBQ=",
        "owner": "samueldr",
        "repo": "nix-top",
        "rev": "25490a367939e5e7b72c8c57df06d402e12fbfcd",
        "type": "github"
      },
      "original": {
        "owner": "samueldr",
        "ref": "v0.2.0",
        "repo": "nix-top",
        "type": "github"
      }
    },
    "nixos-hardware": {
      "locked": {
        "lastModified": 1629007385,
        "narHash": "sha256-TmLKeB7IACvhmB85/4BCOh84l2cQYc607ZWlKWl/Uec=",
        "owner": "NixOS",
        "repo": "nixos-hardware",
        "rev": "566f4da36652b1fe404346aafcd2cd02fecf7d43",
        "type": "github"
      },
      "original": {
        "owner": "NixOS",
        "ref": "master",
        "repo": "nixos-hardware",
        "type": "github"
      }
    },
    "nixpkgs": {
      "locked": {
        "lastModified": 1629201988,
        "narHash": "sha256-hEQZ4D/GtBgTnuZcpH3DeD4wXeL4o1jKrGw4av3G/gg=",
        "owner": "NixOS",
        "repo": "nixpkgs",
        "rev": "3bb2af26e857a2b3a5adedb5744ec701b51a14d7",
        "type": "github"
      },
      "original": {
        "id": "nixpkgs",
        "type": "indirect"
      }
    },
    "nixpkgs_2": {
      "locked": {
        "lastModified": 1629137058,
        "narHash": "sha256-rOOLXq8/HcqlKNTJdSiPqB+kbYdcjBaGwqq6pP5IOfQ=",
        "owner": "NixOS",
        "repo": "nixpkgs",
        "rev": "23485f23ff8536592b5178a5d244f84da770bc87",
        "type": "github"
      },
      "original": {
        "owner": "NixOS",
        "ref": "nixos-unstable",
        "repo": "nixpkgs",
        "type": "github"
      }
    },
    "root": {
      "inputs": {
        "home-manager": "home-manager",
        "nix-top": "nix-top",
        "nixos-hardware": "nixos-hardware",
        "nixpkgs": "nixpkgs_2"
      }
    }
  },
  "root": "root",
  "version": 7
}
